
Microsoft Visual Studio Solution File, Format Version 12.00
# Visual Studio Version 17
VisualStudioVersion = 17.10.34928.147
MinimumVisualStudioVersion = 10.0.40219.1
Project("{FAE04EC0-301F-11D3-BF4B-00C04F79EFBC}") = "PdfSearchWPF", "PdfSearchWPF\PdfSearchWPF.csproj", "{97BFB6A1-6CC0-4543-AEAB-F68C663616C9}"
EndProject
Global
	GlobalSection(SolutionConfigurationPlatforms) = preSolution
		Debug|Any CPU = Debug|Any CPU
		Release|Any CPU = Release|Any CPU
	EndGlobalSection
	GlobalSection(ProjectConfigurationPlatforms) = postSolution
		{97BFB6A1-6CC0-4543-AEAB-F68C663616C9}.Debug|Any CPU.ActiveCfg = Debug|Any CPU
		{97BFB6A1-6CC0-4543-AEAB-F68C663616C9}.Debug|Any CPU.Build.0 = Debug|Any CPU
		{97BFB6A1-6CC0-4543-AEAB-F68C663616C9}.Release|Any CPU.ActiveCfg = Release|Any CPU
		{97BFB6A1-6CC0-4543-AEAB-F68C663616C9}.Release|Any CPU.Build.0 = Release|Any CPU
	EndGlobalSection
	GlobalSection(SolutionProperties) = preSolution
		HideSolutionNode = FALSE
	EndGlobalSection
	GlobalSection(ExtensibilityGlobals) = postSolution
		SolutionGuid = {38F2238A-C2D5-4593-8764-82D75F62107E}
	EndGlobalSection
EndGlobal
